<Solution>
  <Folder Name="/src/">
    <Project Path="src/TourismPoints.API/TourismPoints.API.csproj" />
    <Project Path="src/TourismPoints.Domain/TourismPoints.Domain.csproj" />
    <Project Path="src/TourismPoints.Infrastructure/TourismPoints.Infrastructure.csproj" />
  </Folder>
  <Folder Name="/tests/">
    <Project Path="tests/TourismPoints.Tests/TourismPoints.Tests.csproj" />
  </Folder>
</Solution>
